
Microsoft Visual Studio Solution File, Format Version 12.00
# Visual Studio Version 17
VisualStudioVersion = 17.0.31903.59
MinimumVisualStudioVersion = 10.0.40219.1
Project("{2150E333-8FDC-42A3-9474-1A3956D46DE8}") = "src", "src", "{827E0CD3-B72D-47B6-A68D-7590B98EB39B}"
EndProject
Project("{2150E333-8FDC-42A3-9474-1A3956D46DE8}") = "Shared", "Shared", "{C8E42992-5E42-0C2B-DBFE-AA848D06431C}"
EndProject
Project("{FAE04EC0-301F-11D3-BF4B-00C04F79EFBC}") = "Epros.Shared", "src\Shared\Epros.Shared\Epros.Shared.csproj", "{0DBA8517-5509-4AB3-B6CF-6C2B9CB3A366}"
EndProject
Project("{2150E333-8FDC-42A3-9474-1A3956D46DE8}") = "Infrastructure", "Infrastructure", "{9048EB7F-3875-A59E-E36B-5BD4C6F2A282}"
EndProject
Project("{FAE04EC0-301F-11D3-BF4B-00C04F79EFBC}") = "Epros.Infrastructure", "src\Infrastructure\Epros.Infrastructure\Epros.Infrastructure.csproj", "{CFCC64CE-3FB7-404B-B549-197B5B52E339}"
EndProject
Project("{2150E333-8FDC-42A3-9474-1A3956D46DE8}") = "API", "API", "{81034408-37C8-1011-444E-4C15C2FADA8E}"
EndProject
Project("{FAE04EC0-301F-11D3-BF4B-00C04F79EFBC}") = "Epros.API", "src\API\Epros.API\Epros.API.csproj", "{AFFA6079-8807-4A8B-A836-57448461C336}"
EndProject
Project("{2150E333-8FDC-42A3-9474-1A3956D46DE8}") = "Modules", "Modules", "{EC447DCF-ABFA-6E24-52A5-D7FD48A5C558}"
EndProject
Project("{FAE04EC0-301F-11D3-BF4B-00C04F79EFBC}") = "Epros.Modules.GestaoClientes", "src\Modules\Epros.Modules.GestaoClientes\Epros.Modules.GestaoClientes.csproj", "{C656C192-6511-478F-98D1-1E59EE1D812C}"
EndProject
Project("{2150E333-8FDC-42A3-9474-1A3956D46DE8}") = "tests", "tests", "{0AB3BF05-4346-4AA6-1389-037BE0695223}"
EndProject
Project("{FAE04EC0-301F-11D3-BF4B-00C04F79EFBC}") = "Epros.Tests", "tests\Epros.Tests\Epros.Tests.csproj", "{C9533224-1897-45A5-BC98-7CA09649A83F}"
EndProject
Project("{FAE04EC0-301F-11D3-BF4B-00C04F79EFBC}") = "Epros.Modules.Estoque", "src\Modules\Epros.Modules.Estoque\Epros.Modules.Estoque.csproj", "{0483ADA7-CABD-442A-A080-55ABF8D75724}"
EndProject
Project("{FAE04EC0-301F-11D3-BF4B-00C04F79EFBC}") = "Epros.Modules.Fiscal", "src\Modules\Epros.Modules.Fiscal\Epros.Modules.Fiscal.csproj", "{99CF83E0-33E0-42C4-8722-E30C153CCB1A}"
EndProject
Project("{FAE04EC0-301F-11D3-BF4B-00C04F79EFBC}") = "Epros.Modules.Financeiro", "src\Modules\Epros.Modules.Financeiro\Epros.Modules.Financeiro.csproj", "{034D5755-B605-4994-9BFC-50F70AB0A898}"
EndProject
Project("{FAE04EC0-301F-11D3-BF4B-00C04F79EFBC}") = "Epros.Modules.Vendas", "src\Modules\Epros.Modules.Vendas\Epros.Modules.Vendas.csproj", "{3752FEF1-A9EB-40F8-B38E-20104C26F937}"
EndProject
Project("{FAE04EC0-301F-11D3-BF4B-00C04F79EFBC}") = "Epros.Modules.Aplicativo", "src\Modules\Epros.Modules.Aplicativo\Epros.Modules.Aplicativo.csproj", "{63AD1E4D-1FB4-42DF-BEE2-3337A292D329}"
EndProject
Project("{FAE04EC0-301F-11D3-BF4B-00C04F79EFBC}") = "Epros.Modules.Qualidade", "src\Modules\Epros.Modules.Qualidade\Epros.Modules.Qualidade.csproj", "{F6F8D945-D023-4B4C-8572-63304FA08212}"
EndProject
Project("{FAE04EC0-301F-11D3-BF4B-00C04F79EFBC}") = "Epros.Modules.Producao", "src\Modules\Epros.Modules.Producao\Epros.Modules.Producao.csproj", "{9E9385F6-7957-4FD8-8553-979CBBAD7DE0}"
EndProject
Project("{FAE04EC0-301F-11D3-BF4B-00C04F79EFBC}") = "Epros.Modules.RH", "src\Modules\Epros.Modules.RH\Epros.Modules.RH.csproj", "{6A84538E-774E-4D4C-9CE2-44BA157CD412}"
EndProject
Project("{FAE04EC0-301F-11D3-BF4B-00C04F79EFBC}") = "Epros.Modules.Projetos", "src\Modules\Epros.Modules.Projetos\Epros.Modules.Projetos.csproj", "{9B601446-E9F3-43C2-8E7E-27E4738D6A6B}"
EndProject
Project("{FAE04EC0-301F-11D3-BF4B-00C04F79EFBC}") = "Epros.Modules.Manutencao", "src\Modules\Epros.Modules.Manutencao\Epros.Modules.Manutencao.csproj", "{0466FEBD-00AC-4FF6-B631-A3F2239F6C55}"
EndProject
Project("{FAE04EC0-301F-11D3-BF4B-00C04F79EFBC}") = "Epros.Modules.GRC", "src\Modules\Epros.Modules.GRC\Epros.Modules.GRC.csproj", "{4490BB3A-2708-400F-8350-F8D79E074CF8}"
EndProject
Project("{FAE04EC0-301F-11D3-BF4B-00C04F79EFBC}") = "Epros.Modules.ESG", "src\Modules\Epros.Modules.ESG\Epros.Modules.ESG.csproj", "{4EAB0B07-65EA-4B13-9327-07E9230AD236}"
EndProject
Project("{FAE04EC0-301F-11D3-BF4B-00C04F79EFBC}") = "Epros.Modules.DMS", "src\Modules\Epros.Modules.DMS\Epros.Modules.DMS.csproj", "{17B3DB4B-AC8B-4EBC-AF6D-F6207F6FC42F}"
EndProject
Project("{2150E333-8FDC-42A3-9474-1A3956D46DE8}") = "External", "External", "{67D19349-1BC5-4E59-BE2D-B99BBE9B9C4E}"
EndProject
Project("{FAE04EC0-301F-11D3-BF4B-00C04F79EFBC}") = "Epros.ERP.Shared", "src\External\Epros.ERP.Shared\Epros.ERP.Shared.csproj", "{7283BC3A-AF08-4B8C-AFAD-C1A5510CB8E6}"
EndProject
Project("{FAE04EC0-301F-11D3-BF4B-00C04F79EFBC}") = "Epros.ERP.DfeCalculos", "src\External\Epros.ERP.DfeCalculos\Epros.ERP.DfeCalculos.csproj", "{BDC09E05-A0CD-436A-9DD2-FC82162C8039}"
EndProject
Project("{2150E333-8FDC-42A3-9474-1A3956D46DE8}") = "Modules", "Modules", "{B2216FFB-6838-4369-BFF3-E50A0CCCEC9E}"
EndProject
Project("{FAE04EC0-301F-11D3-BF4B-00C04F79EFBC}") = "Epros.Modules.Imobiliaria", "src\Modules\Epros.Modules.Imobiliaria\Epros.Modules.Imobiliaria.csproj", "{2992AEC8-C679-47AE-B466-A1427B75A3BD}"
EndProject
Global
	GlobalSection(SolutionConfigurationPlatforms) = preSolution
		Debug|Any CPU = Debug|Any CPU
		Debug|x64 = Debug|x64
		Debug|x86 = Debug|x86
		Release|Any CPU = Release|Any CPU
		Release|x64 = Release|x64
		Release|x86 = Release|x86
	EndGlobalSection
	GlobalSection(ProjectConfigurationPlatforms) = postSolution
		{0DBA8517-5509-4AB3-B6CF-6C2B9CB3A366}.Debug|Any CPU.ActiveCfg = Debug|Any CPU
		{0DBA8517-5509-4AB3-B6CF-6C2B9CB3A366}.Debug|Any CPU.Build.0 = Debug|Any CPU
		{0DBA8517-5509-4AB3-B6CF-6C2B9CB3A366}.Debug|x64.ActiveCfg = Debug|Any CPU
		{0DBA8517-5509-4AB3-B6CF-6C2B9CB3A366}.Debug|x64.Build.0 = Debug|Any CPU
		{0DBA8517-5509-4AB3-B6CF-6C2B9CB3A366}.Debug|x86.ActiveCfg = Debug|Any CPU
		{0DBA8517-5509-4AB3-B6CF-6C2B9CB3A366}.Debug|x86.Build.0 = Debug|Any CPU
		{0DBA8517-5509-4AB3-B6CF-6C2B9CB3A366}.Release|Any CPU.ActiveCfg = Release|Any CPU
		{0DBA8517-5509-4AB3-B6CF-6C2B9CB3A366}.Release|Any CPU.Build.0 = Release|Any CPU
		{0DBA8517-5509-4AB3-B6CF-6C2B9CB3A366}.Release|x64.ActiveCfg = Release|Any CPU
		{0DBA8517-5509-4AB3-B6CF-6C2B9CB3A366}.Release|x64.Build.0 = Release|Any CPU
		{0DBA8517-5509-4AB3-B6CF-6C2B9CB3A366}.Release|x86.ActiveCfg = Release|Any CPU
		{0DBA8517-5509-4AB3-B6CF-6C2B9CB3A366}.Release|x86.Build.0 = Release|Any CPU
		{CFCC64CE-3FB7-404B-B549-197B5B52E339}.Debug|Any CPU.ActiveCfg = Debug|Any CPU
		{CFCC64CE-3FB7-404B-B549-197B5B52E339}.Debug|Any CPU.Build.0 = Debug|Any CPU
		{CFCC64CE-3FB7-404B-B549-197B5B52E339}.Debug|x64.ActiveCfg = Debug|Any CPU
		{CFCC64CE-3FB7-404B-B549-197B5B52E339}.Debug|x64.Build.0 = Debug|Any CPU
		{CFCC64CE-3FB7-404B-B549-197B5B52E339}.Debug|x86.ActiveCfg = Debug|Any CPU
		{CFCC64CE-3FB7-404B-B549-197B5B52E339}.Debug|x86.Build.0 = Debug|Any CPU
		{CFCC64CE-3FB7-404B-B549-197B5B52E339}.Release|Any CPU.ActiveCfg = Release|Any CPU
		{CFCC64CE-3FB7-404B-B549-197B5B52E339}.Release|Any CPU.Build.0 = Release|Any CPU
		{CFCC64CE-3FB7-404B-B549-197B5B52E339}.Release|x64.ActiveCfg = Release|Any CPU
		{CFCC64CE-3FB7-404B-B549-197B5B52E339}.Release|x64.Build.0 = Release|Any CPU
		{CFCC64CE-3FB7-404B-B549-197B5B52E339}.Release|x86.ActiveCfg = Release|Any CPU
		{CFCC64CE-3FB7-404B-B549-197B5B52E339}.Release|x86.Build.0 = Release|Any CPU
		{AFFA6079-8807-4A8B-A836-57448461C336}.Debug|Any CPU.ActiveCfg = Debug|Any CPU
		{AFFA6079-8807-4A8B-A836-57448461C336}.Debug|Any CPU.Build.0 = Debug|Any CPU
		{AFFA6079-8807-4A8B-A836-57448461C336}.Debug|x64.ActiveCfg = Debug|Any CPU
		{AFFA6079-8807-4A8B-A836-57448461C336}.Debug|x64.Build.0 = Debug|Any CPU
		{AFFA6079-8807-4A8B-A836-57448461C336}.Debug|x86.ActiveCfg = Debug|Any CPU
		{AFFA6079-8807-4A8B-A836-57448461C336}.Debug|x86.Build.0 = Debug|Any CPU
		{AFFA6079-8807-4A8B-A836-57448461C336}.Release|Any CPU.ActiveCfg = Release|Any CPU
		{AFFA6079-8807-4A8B-A836-57448461C336}.Release|Any CPU.Build.0 = Release|Any CPU
		{AFFA6079-8807-4A8B-A836-57448461C336}.Release|x64.ActiveCfg = Release|Any CPU
		{AFFA6079-8807-4A8B-A836-57448461C336}.Release|x64.Build.0 = Release|Any CPU
		{AFFA6079-8807-4A8B-A836-57448461C336}.Release|x86.ActiveCfg = Release|Any CPU
		{AFFA6079-8807-4A8B-A836-57448461C336}.Release|x86.Build.0 = Release|Any CPU
		{C656C192-6511-478F-98D1-1E59EE1D812C}.Debug|Any CPU.ActiveCfg = Debug|Any CPU
		{C656C192-6511-478F-98D1-1E59EE1D812C}.Debug|Any CPU.Build.0 = Debug|Any CPU
		{C656C192-6511-478F-98D1-1E59EE1D812C}.Debug|x64.ActiveCfg = Debug|Any CPU
		{C656C192-6511-478F-98D1-1E59EE1D812C}.Debug|x64.Build.0 = Debug|Any CPU
		{C656C192-6511-478F-98D1-1E59EE1D812C}.Debug|x86.ActiveCfg = Debug|Any CPU
		{C656C192-6511-478F-98D1-1E59EE1D812C}.Debug|x86.Build.0 = Debug|Any CPU
		{C656C192-6511-478F-98D1-1E59EE1D812C}.Release|Any CPU.ActiveCfg = Release|Any CPU
		{C656C192-6511-478F-98D1-1E59EE1D812C}.Release|Any CPU.Build.0 = Release|Any CPU
		{C656C192-6511-478F-98D1-1E59EE1D812C}.Release|x64.ActiveCfg = Release|Any CPU
		{C656C192-6511-478F-98D1-1E59EE1D812C}.Release|x64.Build.0 = Release|Any CPU
		{C656C192-6511-478F-98D1-1E59EE1D812C}.Release|x86.ActiveCfg = Release|Any CPU
		{C656C192-6511-478F-98D1-1E59EE1D812C}.Release|x86.Build.0 = Release|Any CPU
		{C9533224-1897-45A5-BC98-7CA09649A83F}.Debug|Any CPU.ActiveCfg = Debug|Any CPU
		{C9533224-1897-45A5-BC98-7CA09649A83F}.Debug|Any CPU.Build.0 = Debug|Any CPU
		{C9533224-1897-45A5-BC98-7CA09649A83F}.Debug|x64.ActiveCfg = Debug|Any CPU
		{C9533224-1897-45A5-BC98-7CA09649A83F}.Debug|x64.Build.0 = Debug|Any CPU
		{C9533224-1897-45A5-BC98-7CA09649A83F}.Debug|x86.ActiveCfg = Debug|Any CPU
		{C9533224-1897-45A5-BC98-7CA09649A83F}.Debug|x86.Build.0 = Debug|Any CPU
		{C9533224-1897-45A5-BC98-7CA09649A83F}.Release|Any CPU.ActiveCfg = Release|Any CPU
		{C9533224-1897-45A5-BC98-7CA09649A83F}.Release|Any CPU.Build.0 = Release|Any CPU
		{C9533224-1897-45A5-BC98-7CA09649A83F}.Release|x64.ActiveCfg = Release|Any CPU
		{C9533224-1897-45A5-BC98-7CA09649A83F}.Release|x64.Build.0 = Release|Any CPU
		{C9533224-1897-45A5-BC98-7CA09649A83F}.Release|x86.ActiveCfg = Release|Any CPU
		{C9533224-1897-45A5-BC98-7CA09649A83F}.Release|x86.Build.0 = Release|Any CPU
		{0483ADA7-CABD-442A-A080-55ABF8D75724}.Debug|Any CPU.ActiveCfg = Debug|Any CPU
		{0483ADA7-CABD-442A-A080-55ABF8D75724}.Debug|Any CPU.Build.0 = Debug|Any CPU
		{0483ADA7-CABD-442A-A080-55ABF8D75724}.Debug|x64.ActiveCfg = Debug|Any CPU
		{0483ADA7-CABD-442A-A080-55ABF8D75724}.Debug|x64.Build.0 = Debug|Any CPU
		{0483ADA7-CABD-442A-A080-55ABF8D75724}.Debug|x86.ActiveCfg = Debug|Any CPU
		{0483ADA7-CABD-442A-A080-55ABF8D75724}.Debug|x86.Build.0 = Debug|Any CPU
		{0483ADA7-CABD-442A-A080-55ABF8D75724}.Release|Any CPU.ActiveCfg = Release|Any CPU
		{0483ADA7-CABD-442A-A080-55ABF8D75724}.Release|Any CPU.Build.0 = Release|Any CPU
		{0483ADA7-CABD-442A-A080-55ABF8D75724}.Release|x64.ActiveCfg = Release|Any CPU
		{0483ADA7-CABD-442A-A080-55ABF8D75724}.Release|x64.Build.0 = Release|Any CPU
		{0483ADA7-CABD-442A-A080-55ABF8D75724}.Release|x86.ActiveCfg = Release|Any CPU
		{0483ADA7-CABD-442A-A080-55ABF8D75724}.Release|x86.Build.0 = Release|Any CPU
		{99CF83E0-33E0-42C4-8722-E30C153CCB1A}.Debug|Any CPU.ActiveCfg = Debug|Any CPU
		{99CF83E0-33E0-42C4-8722-E30C153CCB1A}.Debug|Any CPU.Build.0 = Debug|Any CPU
		{99CF83E0-33E0-42C4-8722-E30C153CCB1A}.Debug|x64.ActiveCfg = Debug|Any CPU
		{99CF83E0-33E0-42C4-8722-E30C153CCB1A}.Debug|x64.Build.0 = Debug|Any CPU
		{99CF83E0-33E0-42C4-8722-E30C153CCB1A}.Debug|x86.ActiveCfg = Debug|Any CPU
		{99CF83E0-33E0-42C4-8722-E30C153CCB1A}.Debug|x86.Build.0 = Debug|Any CPU
		{99CF83E0-33E0-42C4-8722-E30C153CCB1A}.Release|Any CPU.ActiveCfg = Release|Any CPU
		{99CF83E0-33E0-42C4-8722-E30C153CCB1A}.Release|Any CPU.Build.0 = Release|Any CPU
		{99CF83E0-33E0-42C4-8722-E30C153CCB1A}.Release|x64.ActiveCfg = Release|Any CPU
		{99CF83E0-33E0-42C4-8722-E30C153CCB1A}.Release|x64.Build.0 = Release|Any CPU
		{99CF83E0-33E0-42C4-8722-E30C153CCB1A}.Release|x86.ActiveCfg = Release|Any CPU
		{99CF83E0-33E0-42C4-8722-E30C153CCB1A}.Release|x86.Build.0 = Release|Any CPU
		{034D5755-B605-4994-9BFC-50F70AB0A898}.Debug|Any CPU.ActiveCfg = Debug|Any CPU
		{034D5755-B605-4994-9BFC-50F70AB0A898}.Debug|Any CPU.Build.0 = Debug|Any CPU
		{034D5755-B605-4994-9BFC-50F70AB0A898}.Debug|x64.ActiveCfg = Debug|Any CPU
		{034D5755-B605-4994-9BFC-50F70AB0A898}.Debug|x64.Build.0 = Debug|Any CPU
		{034D5755-B605-4994-9BFC-50F70AB0A898}.Debug|x86.ActiveCfg = Debug|Any CPU
		{034D5755-B605-4994-9BFC-50F70AB0A898}.Debug|x86.Build.0 = Debug|Any CPU
		{034D5755-B605-4994-9BFC-50F70AB0A898}.Release|Any CPU.ActiveCfg = Release|Any CPU
		{034D5755-B605-4994-9BFC-50F70AB0A898}.Release|Any CPU.Build.0 = Release|Any CPU
		{034D5755-B605-4994-9BFC-50F70AB0A898}.Release|x64.ActiveCfg = Release|Any CPU
		{034D5755-B605-4994-9BFC-50F70AB0A898}.Release|x64.Build.0 = Release|Any CPU
		{034D5755-B605-4994-9BFC-50F70AB0A898}.Release|x86.ActiveCfg = Release|Any CPU
		{034D5755-B605-4994-9BFC-50F70AB0A898}.Release|x86.Build.0 = Release|Any CPU
		{3752FEF1-A9EB-40F8-B38E-20104C26F937}.Debug|Any CPU.ActiveCfg = Debug|Any CPU
		{3752FEF1-A9EB-40F8-B38E-20104C26F937}.Debug|Any CPU.Build.0 = Debug|Any CPU
		{3752FEF1-A9EB-40F8-B38E-20104C26F937}.Debug|x64.ActiveCfg = Debug|Any CPU
		{3752FEF1-A9EB-40F8-B38E-20104C26F937}.Debug|x64.Build.0 = Debug|Any CPU
		{3752FEF1-A9EB-40F8-B38E-20104C26F937}.Debug|x86.ActiveCfg = Debug|Any CPU
		{3752FEF1-A9EB-40F8-B38E-20104C26F937}.Debug|x86.Build.0 = Debug|Any CPU
		{3752FEF1-A9EB-40F8-B38E-20104C26F937}.Release|Any CPU.ActiveCfg = Release|Any CPU
		{3752FEF1-A9EB-40F8-B38E-20104C26F937}.Release|Any CPU.Build.0 = Release|Any CPU
		{3752FEF1-A9EB-40F8-B38E-20104C26F937}.Release|x64.ActiveCfg = Release|Any CPU
		{3752FEF1-A9EB-40F8-B38E-20104C26F937}.Release|x64.Build.0 = Release|Any CPU
		{3752FEF1-A9EB-40F8-B38E-20104C26F937}.Release|x86.ActiveCfg = Release|Any CPU
		{3752FEF1-A9EB-40F8-B38E-20104C26F937}.Release|x86.Build.0 = Release|Any CPU
		{63AD1E4D-1FB4-42DF-BEE2-3337A292D329}.Debug|Any CPU.ActiveCfg = Debug|Any CPU
		{63AD1E4D-1FB4-42DF-BEE2-3337A292D329}.Debug|Any CPU.Build.0 = Debug|Any CPU
		{63AD1E4D-1FB4-42DF-BEE2-3337A292D329}.Debug|x64.ActiveCfg = Debug|Any CPU
		{63AD1E4D-1FB4-42DF-BEE2-3337A292D329}.Debug|x64.Build.0 = Debug|Any CPU
		{63AD1E4D-1FB4-42DF-BEE2-3337A292D329}.Debug|x86.ActiveCfg = Debug|Any CPU
		{63AD1E4D-1FB4-42DF-BEE2-3337A292D329}.Debug|x86.Build.0 = Debug|Any CPU
		{63AD1E4D-1FB4-42DF-BEE2-3337A292D329}.Release|Any CPU.ActiveCfg = Release|Any CPU
		{63AD1E4D-1FB4-42DF-BEE2-3337A292D329}.Release|Any CPU.Build.0 = Release|Any CPU
		{63AD1E4D-1FB4-42DF-BEE2-3337A292D329}.Release|x64.ActiveCfg = Release|Any CPU
		{63AD1E4D-1FB4-42DF-BEE2-3337A292D329}.Release|x64.Build.0 = Release|Any CPU
		{63AD1E4D-1FB4-42DF-BEE2-3337A292D329}.Release|x86.ActiveCfg = Release|Any CPU
		{63AD1E4D-1FB4-42DF-BEE2-3337A292D329}.Release|x86.Build.0 = Release|Any CPU
		{F6F8D945-D023-4B4C-8572-63304FA08212}.Debug|Any CPU.ActiveCfg = Debug|Any CPU
		{F6F8D945-D023-4B4C-8572-63304FA08212}.Debug|Any CPU.Build.0 = Debug|Any CPU
		{F6F8D945-D023-4B4C-8572-63304FA08212}.Debug|x64.ActiveCfg = Debug|Any CPU
		{F6F8D945-D023-4B4C-8572-63304FA08212}.Debug|x64.Build.0 = Debug|Any CPU
		{F6F8D945-D023-4B4C-8572-63304FA08212}.Debug|x86.ActiveCfg = Debug|Any CPU
		{F6F8D945-D023-4B4C-8572-63304FA08212}.Debug|x86.Build.0 = Debug|Any CPU
		{F6F8D945-D023-4B4C-8572-63304FA08212}.Release|Any CPU.ActiveCfg = Release|Any CPU
		{F6F8D945-D023-4B4C-8572-63304FA08212}.Release|Any CPU.Build.0 = Release|Any CPU
		{F6F8D945-D023-4B4C-8572-63304FA08212}.Release|x64.ActiveCfg = Release|Any CPU
		{F6F8D945-D023-4B4C-8572-63304FA08212}.Release|x64.Build.0 = Release|Any CPU
		{F6F8D945-D023-4B4C-8572-63304FA08212}.Release|x86.ActiveCfg = Release|Any CPU
		{F6F8D945-D023-4B4C-8572-63304FA08212}.Release|x86.Build.0 = Release|Any CPU
		{9E9385F6-7957-4FD8-8553-979CBBAD7DE0}.Debug|Any CPU.ActiveCfg = Debug|Any CPU
		{9E9385F6-7957-4FD8-8553-979CBBAD7DE0}.Debug|Any CPU.Build.0 = Debug|Any CPU
		{9E9385F6-7957-4FD8-8553-979CBBAD7DE0}.Debug|x64.ActiveCfg = Debug|Any CPU
		{9E9385F6-7957-4FD8-8553-979CBBAD7DE0}.Debug|x64.Build.0 = Debug|Any CPU
		{9E9385F6-7957-4FD8-8553-979CBBAD7DE0}.Debug|x86.ActiveCfg = Debug|Any CPU
		{9E9385F6-7957-4FD8-8553-979CBBAD7DE0}.Debug|x86.Build.0 = Debug|Any CPU
		{9E9385F6-7957-4FD8-8553-979CBBAD7DE0}.Release|Any CPU.ActiveCfg = Release|Any CPU
		{9E9385F6-7957-4FD8-8553-979CBBAD7DE0}.Release|Any CPU.Build.0 = Release|Any CPU
		{9E9385F6-7957-4FD8-8553-979CBBAD7DE0}.Release|x64.ActiveCfg = Release|Any CPU
		{9E9385F6-7957-4FD8-8553-979CBBAD7DE0}.Release|x64.Build.0 = Release|Any CPU
		{9E9385F6-7957-4FD8-8553-979CBBAD7DE0}.Release|x86.ActiveCfg = Release|Any CPU
		{9E9385F6-7957-4FD8-8553-979CBBAD7DE0}.Release|x86.Build.0 = Release|Any CPU
		{6A84538E-774E-4D4C-9CE2-44BA157CD412}.Debug|Any CPU.ActiveCfg = Debug|Any CPU
		{6A84538E-774E-4D4C-9CE2-44BA157CD412}.Debug|Any CPU.Build.0 = Debug|Any CPU
		{6A84538E-774E-4D4C-9CE2-44BA157CD412}.Debug|x64.ActiveCfg = Debug|Any CPU
		{6A84538E-774E-4D4C-9CE2-44BA157CD412}.Debug|x64.Build.0 = Debug|Any CPU
		{6A84538E-774E-4D4C-9CE2-44BA157CD412}.Debug|x86.ActiveCfg = Debug|Any CPU
		{6A84538E-774E-4D4C-9CE2-44BA157CD412}.Debug|x86.Build.0 = Debug|Any CPU
		{6A84538E-774E-4D4C-9CE2-44BA157CD412}.Release|Any CPU.ActiveCfg = Release|Any CPU
		{6A84538E-774E-4D4C-9CE2-44BA157CD412}.Release|Any CPU.Build.0 = Release|Any CPU
		{6A84538E-774E-4D4C-9CE2-44BA157CD412}.Release|x64.ActiveCfg = Release|Any CPU
		{6A84538E-774E-4D4C-9CE2-44BA157CD412}.Release|x64.Build.0 = Release|Any CPU
		{6A84538E-774E-4D4C-9CE2-44BA157CD412}.Release|x86.ActiveCfg = Release|Any CPU
		{6A84538E-774E-4D4C-9CE2-44BA157CD412}.Release|x86.Build.0 = Release|Any CPU
		{9B601446-E9F3-43C2-8E7E-27E4738D6A6B}.Debug|Any CPU.ActiveCfg = Debug|Any CPU
		{9B601446-E9F3-43C2-8E7E-27E4738D6A6B}.Debug|Any CPU.Build.0 = Debug|Any CPU
		{9B601446-E9F3-43C2-8E7E-27E4738D6A6B}.Debug|x64.ActiveCfg = Debug|Any CPU
		{9B601446-E9F3-43C2-8E7E-27E4738D6A6B}.Debug|x64.Build.0 = Debug|Any CPU
		{9B601446-E9F3-43C2-8E7E-27E4738D6A6B}.Debug|x86.ActiveCfg = Debug|Any CPU
		{9B601446-E9F3-43C2-8E7E-27E4738D6A6B}.Debug|x86.Build.0 = Debug|Any CPU
		{9B601446-E9F3-43C2-8E7E-27E4738D6A6B}.Release|Any CPU.ActiveCfg = Release|Any CPU
		{9B601446-E9F3-43C2-8E7E-27E4738D6A6B}.Release|Any CPU.Build.0 = Release|Any CPU
		{9B601446-E9F3-43C2-8E7E-27E4738D6A6B}.Release|x64.ActiveCfg = Release|Any CPU
		{9B601446-E9F3-43C2-8E7E-27E4738D6A6B}.Release|x64.Build.0 = Release|Any CPU
		{9B601446-E9F3-43C2-8E7E-27E4738D6A6B}.Release|x86.ActiveCfg = Release|Any CPU
		{9B601446-E9F3-43C2-8E7E-27E4738D6A6B}.Release|x86.Build.0 = Release|Any CPU
		{0466FEBD-00AC-4FF6-B631-A3F2239F6C55}.Debug|Any CPU.ActiveCfg = Debug|Any CPU
		{0466FEBD-00AC-4FF6-B631-A3F2239F6C55}.Debug|Any CPU.Build.0 = Debug|Any CPU
		{0466FEBD-00AC-4FF6-B631-A3F2239F6C55}.Debug|x64.ActiveCfg = Debug|Any CPU
		{0466FEBD-00AC-4FF6-B631-A3F2239F6C55}.Debug|x64.Build.0 = Debug|Any CPU
		{0466FEBD-00AC-4FF6-B631-A3F2239F6C55}.Debug|x86.ActiveCfg = Debug|Any CPU
		{0466FEBD-00AC-4FF6-B631-A3F2239F6C55}.Debug|x86.Build.0 = Debug|Any CPU
		{0466FEBD-00AC-4FF6-B631-A3F2239F6C55}.Release|Any CPU.ActiveCfg = Release|Any CPU
		{0466FEBD-00AC-4FF6-B631-A3F2239F6C55}.Release|Any CPU.Build.0 = Release|Any CPU
		{0466FEBD-00AC-4FF6-B631-A3F2239F6C55}.Release|x64.ActiveCfg = Release|Any CPU
		{0466FEBD-00AC-4FF6-B631-A3F2239F6C55}.Release|x64.Build.0 = Release|Any CPU
		{0466FEBD-00AC-4FF6-B631-A3F2239F6C55}.Release|x86.ActiveCfg = Release|Any CPU
		{0466FEBD-00AC-4FF6-B631-A3F2239F6C55}.Release|x86.Build.0 = Release|Any CPU
		{4490BB3A-2708-400F-8350-F8D79E074CF8}.Debug|Any CPU.ActiveCfg = Debug|Any CPU
		{4490BB3A-2708-400F-8350-F8D79E074CF8}.Debug|Any CPU.Build.0 = Debug|Any CPU
		{4490BB3A-2708-400F-8350-F8D79E074CF8}.Debug|x64.ActiveCfg = Debug|Any CPU
		{4490BB3A-2708-400F-8350-F8D79E074CF8}.Debug|x64.Build.0 = Debug|Any CPU
		{4490BB3A-2708-400F-8350-F8D79E074CF8}.Debug|x86.ActiveCfg = Debug|Any CPU
		{4490BB3A-2708-400F-8350-F8D79E074CF8}.Debug|x86.Build.0 = Debug|Any CPU
		{4490BB3A-2708-400F-8350-F8D79E074CF8}.Release|Any CPU.ActiveCfg = Release|Any CPU
		{4490BB3A-2708-400F-8350-F8D79E074CF8}.Release|Any CPU.Build.0 = Release|Any CPU
		{4490BB3A-2708-400F-8350-F8D79E074CF8}.Release|x64.ActiveCfg = Release|Any CPU
		{4490BB3A-2708-400F-8350-F8D79E074CF8}.Release|x64.Build.0 = Release|Any CPU
		{4490BB3A-2708-400F-8350-F8D79E074CF8}.Release|x86.ActiveCfg = Release|Any CPU
		{4490BB3A-2708-400F-8350-F8D79E074CF8}.Release|x86.Build.0 = Release|Any CPU
		{4EAB0B07-65EA-4B13-9327-07E9230AD236}.Debug|Any CPU.ActiveCfg = Debug|Any CPU
		{4EAB0B07-65EA-4B13-9327-07E9230AD236}.Debug|Any CPU.Build.0 = Debug|Any CPU
		{4EAB0B07-65EA-4B13-9327-07E9230AD236}.Debug|x64.ActiveCfg = Debug|Any CPU
		{4EAB0B07-65EA-4B13-9327-07E9230AD236}.Debug|x64.Build.0 = Debug|Any CPU
		{4EAB0B07-65EA-4B13-9327-07E9230AD236}.Debug|x86.ActiveCfg = Debug|Any CPU
		{4EAB0B07-65EA-4B13-9327-07E9230AD236}.Debug|x86.Build.0 = Debug|Any CPU
		{4EAB0B07-65EA-4B13-9327-07E9230AD236}.Release|Any CPU.ActiveCfg = Release|Any CPU
		{4EAB0B07-65EA-4B13-9327-07E9230AD236}.Release|Any CPU.Build.0 = Release|Any CPU
		{4EAB0B07-65EA-4B13-9327-07E9230AD236}.Release|x64.ActiveCfg = Release|Any CPU
		{4EAB0B07-65EA-4B13-9327-07E9230AD236}.Release|x64.Build.0 = Release|Any CPU
		{4EAB0B07-65EA-4B13-9327-07E9230AD236}.Release|x86.ActiveCfg = Release|Any CPU
		{4EAB0B07-65EA-4B13-9327-07E9230AD236}.Release|x86.Build.0 = Release|Any CPU
		{17B3DB4B-AC8B-4EBC-AF6D-F6207F6FC42F}.Debug|Any CPU.ActiveCfg = Debug|Any CPU
		{17B3DB4B-AC8B-4EBC-AF6D-F6207F6FC42F}.Debug|Any CPU.Build.0 = Debug|Any CPU
		{17B3DB4B-AC8B-4EBC-AF6D-F6207F6FC42F}.Debug|x64.ActiveCfg = Debug|Any CPU
		{17B3DB4B-AC8B-4EBC-AF6D-F6207F6FC42F}.Debug|x64.Build.0 = Debug|Any CPU
		{17B3DB4B-AC8B-4EBC-AF6D-F6207F6FC42F}.Debug|x86.ActiveCfg = Debug|Any CPU
		{17B3DB4B-AC8B-4EBC-AF6D-F6207F6FC42F}.Debug|x86.Build.0 = Debug|Any CPU
		{17B3DB4B-AC8B-4EBC-AF6D-F6207F6FC42F}.Release|Any CPU.ActiveCfg = Release|Any CPU
		{17B3DB4B-AC8B-4EBC-AF6D-F6207F6FC42F}.Release|Any CPU.Build.0 = Release|Any CPU
		{17B3DB4B-AC8B-4EBC-AF6D-F6207F6FC42F}.Release|x64.ActiveCfg = Release|Any CPU
		{17B3DB4B-AC8B-4EBC-AF6D-F6207F6FC42F}.Release|x64.Build.0 = Release|Any CPU
		{17B3DB4B-AC8B-4EBC-AF6D-F6207F6FC42F}.Release|x86.ActiveCfg = Release|Any CPU
		{17B3DB4B-AC8B-4EBC-AF6D-F6207F6FC42F}.Release|x86.Build.0 = Release|Any CPU
		{7283BC3A-AF08-4B8C-AFAD-C1A5510CB8E6}.Debug|Any CPU.ActiveCfg = Debug|Any CPU
		{7283BC3A-AF08-4B8C-AFAD-C1A5510CB8E6}.Debug|Any CPU.Build.0 = Debug|Any CPU
		{7283BC3A-AF08-4B8C-AFAD-C1A5510CB8E6}.Debug|x64.ActiveCfg = Debug|Any CPU
		{7283BC3A-AF08-4B8C-AFAD-C1A5510CB8E6}.Debug|x64.Build.0 = Debug|Any CPU
		{7283BC3A-AF08-4B8C-AFAD-C1A5510CB8E6}.Debug|x86.ActiveCfg = Debug|Any CPU
		{7283BC3A-AF08-4B8C-AFAD-C1A5510CB8E6}.Debug|x86.Build.0 = Debug|Any CPU
		{7283BC3A-AF08-4B8C-AFAD-C1A5510CB8E6}.Release|Any CPU.ActiveCfg = Release|Any CPU
		{7283BC3A-AF08-4B8C-AFAD-C1A5510CB8E6}.Release|Any CPU.Build.0 = Release|Any CPU
		{7283BC3A-AF08-4B8C-AFAD-C1A5510CB8E6}.Release|x64.ActiveCfg = Release|Any CPU
		{7283BC3A-AF08-4B8C-AFAD-C1A5510CB8E6}.Release|x64.Build.0 = Release|Any CPU
		{7283BC3A-AF08-4B8C-AFAD-C1A5510CB8E6}.Release|x86.ActiveCfg = Release|Any CPU
		{7283BC3A-AF08-4B8C-AFAD-C1A5510CB8E6}.Release|x86.Build.0 = Release|Any CPU
		{BDC09E05-A0CD-436A-9DD2-FC82162C8039}.Debug|Any CPU.ActiveCfg = Debug|Any CPU
		{BDC09E05-A0CD-436A-9DD2-FC82162C8039}.Debug|Any CPU.Build.0 = Debug|Any CPU
		{BDC09E05-A0CD-436A-9DD2-FC82162C8039}.Debug|x64.ActiveCfg = Debug|Any CPU
		{BDC09E05-A0CD-436A-9DD2-FC82162C8039}.Debug|x64.Build.0 = Debug|Any CPU
		{BDC09E05-A0CD-436A-9DD2-FC82162C8039}.Debug|x86.ActiveCfg = Debug|Any CPU
		{BDC09E05-A0CD-436A-9DD2-FC82162C8039}.Debug|x86.Build.0 = Debug|Any CPU
		{BDC09E05-A0CD-436A-9DD2-FC82162C8039}.Release|Any CPU.ActiveCfg = Release|Any CPU
		{BDC09E05-A0CD-436A-9DD2-FC82162C8039}.Release|Any CPU.Build.0 = Release|Any CPU
		{BDC09E05-A0CD-436A-9DD2-FC82162C8039}.Release|x64.ActiveCfg = Release|Any CPU
		{BDC09E05-A0CD-436A-9DD2-FC82162C8039}.Release|x64.Build.0 = Release|Any CPU
		{BDC09E05-A0CD-436A-9DD2-FC82162C8039}.Release|x86.ActiveCfg = Release|Any CPU
		{BDC09E05-A0CD-436A-9DD2-FC82162C8039}.Release|x86.Build.0 = Release|Any CPU
		{2992AEC8-C679-47AE-B466-A1427B75A3BD}.Debug|Any CPU.ActiveCfg = Debug|Any CPU
		{2992AEC8-C679-47AE-B466-A1427B75A3BD}.Debug|Any CPU.Build.0 = Debug|Any CPU
		{2992AEC8-C679-47AE-B466-A1427B75A3BD}.Debug|x64.ActiveCfg = Debug|Any CPU
		{2992AEC8-C679-47AE-B466-A1427B75A3BD}.Debug|x64.Build.0 = Debug|Any CPU
		{2992AEC8-C679-47AE-B466-A1427B75A3BD}.Debug|x86.ActiveCfg = Debug|Any CPU
		{2992AEC8-C679-47AE-B466-A1427B75A3BD}.Debug|x86.Build.0 = Debug|Any CPU
		{2992AEC8-C679-47AE-B466-A1427B75A3BD}.Release|Any CPU.ActiveCfg = Release|Any CPU
		{2992AEC8-C679-47AE-B466-A1427B75A3BD}.Release|Any CPU.Build.0 = Release|Any CPU
		{2992AEC8-C679-47AE-B466-A1427B75A3BD}.Release|x64.ActiveCfg = Release|Any CPU
		{2992AEC8-C679-47AE-B466-A1427B75A3BD}.Release|x64.Build.0 = Release|Any CPU
		{2992AEC8-C679-47AE-B466-A1427B75A3BD}.Release|x86.ActiveCfg = Release|Any CPU
		{2992AEC8-C679-47AE-B466-A1427B75A3BD}.Release|x86.Build.0 = Release|Any CPU
	EndGlobalSection
	GlobalSection(SolutionProperties) = preSolution
		HideSolutionNode = FALSE
	EndGlobalSection
	GlobalSection(NestedProjects) = preSolution
		{C8E42992-5E42-0C2B-DBFE-AA848D06431C} = {827E0CD3-B72D-47B6-A68D-7590B98EB39B}
		{0DBA8517-5509-4AB3-B6CF-6C2B9CB3A366} = {C8E42992-5E42-0C2B-DBFE-AA848D06431C}
		{9048EB7F-3875-A59E-E36B-5BD4C6F2A282} = {827E0CD3-B72D-47B6-A68D-7590B98EB39B}
		{CFCC64CE-3FB7-404B-B549-197B5B52E339} = {9048EB7F-3875-A59E-E36B-5BD4C6F2A282}
		{81034408-37C8-1011-444E-4C15C2FADA8E} = {827E0CD3-B72D-47B6-A68D-7590B98EB39B}
		{AFFA6079-8807-4A8B-A836-57448461C336} = {81034408-37C8-1011-444E-4C15C2FADA8E}
		{EC447DCF-ABFA-6E24-52A5-D7FD48A5C558} = {827E0CD3-B72D-47B6-A68D-7590B98EB39B}
		{C656C192-6511-478F-98D1-1E59EE1D812C} = {EC447DCF-ABFA-6E24-52A5-D7FD48A5C558}
		{C9533224-1897-45A5-BC98-7CA09649A83F} = {0AB3BF05-4346-4AA6-1389-037BE0695223}
		{0483ADA7-CABD-442A-A080-55ABF8D75724} = {EC447DCF-ABFA-6E24-52A5-D7FD48A5C558}
		{99CF83E0-33E0-42C4-8722-E30C153CCB1A} = {EC447DCF-ABFA-6E24-52A5-D7FD48A5C558}
		{034D5755-B605-4994-9BFC-50F70AB0A898} = {EC447DCF-ABFA-6E24-52A5-D7FD48A5C558}
		{3752FEF1-A9EB-40F8-B38E-20104C26F937} = {EC447DCF-ABFA-6E24-52A5-D7FD48A5C558}
		{63AD1E4D-1FB4-42DF-BEE2-3337A292D329} = {EC447DCF-ABFA-6E24-52A5-D7FD48A5C558}
		{F6F8D945-D023-4B4C-8572-63304FA08212} = {EC447DCF-ABFA-6E24-52A5-D7FD48A5C558}
		{9E9385F6-7957-4FD8-8553-979CBBAD7DE0} = {EC447DCF-ABFA-6E24-52A5-D7FD48A5C558}
		{6A84538E-774E-4D4C-9CE2-44BA157CD412} = {EC447DCF-ABFA-6E24-52A5-D7FD48A5C558}
		{9B601446-E9F3-43C2-8E7E-27E4738D6A6B} = {EC447DCF-ABFA-6E24-52A5-D7FD48A5C558}
		{0466FEBD-00AC-4FF6-B631-A3F2239F6C55} = {EC447DCF-ABFA-6E24-52A5-D7FD48A5C558}
		{4490BB3A-2708-400F-8350-F8D79E074CF8} = {EC447DCF-ABFA-6E24-52A5-D7FD48A5C558}
		{4EAB0B07-65EA-4B13-9327-07E9230AD236} = {EC447DCF-ABFA-6E24-52A5-D7FD48A5C558}
		{17B3DB4B-AC8B-4EBC-AF6D-F6207F6FC42F} = {EC447DCF-ABFA-6E24-52A5-D7FD48A5C558}
		{67D19349-1BC5-4E59-BE2D-B99BBE9B9C4E} = {827E0CD3-B72D-47B6-A68D-7590B98EB39B}
		{7283BC3A-AF08-4B8C-AFAD-C1A5510CB8E6} = {67D19349-1BC5-4E59-BE2D-B99BBE9B9C4E}
		{BDC09E05-A0CD-436A-9DD2-FC82162C8039} = {67D19349-1BC5-4E59-BE2D-B99BBE9B9C4E}
		{2992AEC8-C679-47AE-B466-A1427B75A3BD} = {B2216FFB-6838-4369-BFF3-E50A0CCCEC9E}
	EndGlobalSection
EndGlobal
