{"version":4,"terraform_version":"1.12.1","serial":3,"lineage":"93924795-db4d-f545-ca25-220c8e723182","outputs":{},"resources":[{"mode":"managed","type":"docker_container","name":"keycloak","provider":"provider[\"registry.terraform.io/kreuzwerker/docker\"]","instances":[{"schema_version":2,"attributes":{"attach":false,"bridge":"","capabilities":[],"cgroupns_mode":null,"command":["start-dev","--import-realm"],"container_logs":null,"container_read_refresh_timeout_milliseconds":15000,"cpu_set":"","cpu_shares":0,"destroy_grace_seconds":null,"devices":[],"dns":null,"dns_opts":null,"dns_search":null,"domainname":"","entrypoint":["/opt/keycloak/bin/kc.sh"],"env":["KEYCLOAK_ADMIN=admin","KEYCLOAK_ADMIN_PASSWORD=admin"],"exit_code":null,"gpus":null,"group_add":null,"healthcheck":null,"host":[],"hostname":"d85a85bcd71f","id":"d85a85bcd71f0d743bad8d529e65d5aee7daa6c5fdc1332c243cbb33f63d97ac","image":"sha256:9cb0e385fb5889befbd2ec5db3905ec2a7953669e34cbfdc460ea217a38458bc","init":false,"ipc_mode":"private","labels":[],"log_driver":"json-file","log_opts":null,"logs":false,"max_retry_count":0,"memory":0,"memory_swap":0,"mounts":[],"must_run":true,"name":"epros-keycloak","network_data":[{"gateway":"172.19.0.1","global_ipv6_address":"","global_ipv6_prefix_length":0,"ip_address":"172.19.0.6","ip_prefix_length":16,"ipv6_gateway":"","mac_address":"ca:7e:da:82:c3:d3","network_name":"epros-network"}],"network_mode":"bridge","networks_advanced":[{"aliases":[],"ipv4_address":"","ipv6_address":"","name":"epros-network"}],"pid_mode":"","ports":[{"external":8080,"internal":8080,"ip":"0.0.0.0","protocol":"tcp"}],"privileged":false,"publish_all_ports":false,"read_only":false,"remove_volumes":true,"restart":"no","rm":false,"runtime":"runc","security_opts":[],"shm_size":64,"start":true,"stdin_open":false,"stop_signal":"","stop_timeout":1,"storage_opts":null,"sysctls":null,"tmpfs":null,"tty":false,"ulimit":[],"upload":[],"user":"1000","userns_mode":"","volumes":[{"container_path":"/opt/keycloak/data/import","from_container":"","host_path":"/Users/rafael/Documents/Codigos/EprosERP/infra/keycloak","read_only":null,"volume_name":""}],"wait":false,"wait_timeout":60,"working_dir":"/"},"sensitive_attributes":[],"private":"eyJzY2hlbWFfdmVyc2lvbiI6IjIifQ==","dependencies":["docker_network.epros_network"]}]},{"mode":"managed","type":"docker_container","name":"minio","provider":"provider[\"registry.terraform.io/kreuzwerker/docker\"]","instances":[{"schema_version":2,"attributes":{"attach":false,"bridge":"","capabilities":[],"cgroupns_mode":null,"command":["server","/data","--console-address",":9001"],"container_logs":null,"container_read_refresh_timeout_milliseconds":15000,"cpu_set":"","cpu_shares":0,"destroy_grace_seconds":null,"devices":[],"dns":null,"dns_opts":null,"dns_search":null,"domainname":"","entrypoint":["/usr/bin/docker-entrypoint.sh"],"env":["MINIO_ROOT_PASSWORD=epros_minio_password","MINIO_ROOT_USER=epros_minio"],"exit_code":null,"gpus":null,"group_add":null,"healthcheck":null,"host":[],"hostname":"968bdda86601","id":"968bdda86601f17bf570a63b42c62fa7534ff58b292733be8e6b2c3c828499c9","image":"sha256:14cea493d9a34af32f524e538b8346cf79f3321eff8e708c1e2960462bd8936e","init":false,"ipc_mode":"private","labels":[],"log_driver":"json-file","log_opts":null,"logs":false,"max_retry_count":0,"memory":0,"memory_swap":0,"mounts":[],"must_run":true,"name":"epros-minio","network_data":[{"gateway":"172.19.0.1","global_ipv6_address":"","global_ipv6_prefix_length":0,"ip_address":"172.19.0.3","ip_prefix_length":16,"ipv6_gateway":"","mac_address":"8e:8f:7b:64:0e:8a","network_name":"epros-network"}],"network_mode":"bridge","networks_advanced":[{"aliases":[],"ipv4_address":"","ipv6_address":"","name":"epros-network"}],"pid_mode":"","ports":[{"external":9000,"internal":9000,"ip":"0.0.0.0","protocol":"tcp"},{"external":9001,"internal":9001,"ip":"0.0.0.0","protocol":"tcp"}],"privileged":false,"publish_all_ports":false,"read_only":false,"remove_volumes":true,"restart":"no","rm":false,"runtime":"runc","security_opts":[],"shm_size":64,"start":true,"stdin_open":false,"stop_signal":"","stop_timeout":1,"storage_opts":null,"sysctls":null,"tmpfs":null,"tty":false,"ulimit":[],"upload":[],"user":"","userns_mode":"","volumes":[{"container_path":"/data","from_container":"","host_path":"","read_only":null,"volume_name":"minio_data"}],"wait":false,"wait_timeout":60,"working_dir":"/"},"sensitive_attributes":[],"private":"eyJzY2hlbWFfdmVyc2lvbiI6IjIifQ==","dependencies":["docker_network.epros_network","docker_volume.minio_data"]}]},{"mode":"managed","type":"docker_container","name":"postgres","provider":"provider[\"registry.terraform.io/kreuzwerker/docker\"]","instances":[{"schema_version":2,"attributes":{"attach":false,"bridge":"","capabilities":[],"cgroupns_mode":null,"command":["postgres"],"container_logs":null,"container_read_refresh_timeout_milliseconds":15000,"cpu_set":"","cpu_shares":0,"destroy_grace_seconds":null,"devices":[],"dns":null,"dns_opts":null,"dns_search":null,"domainname":"","entrypoint":["docker-entrypoint.sh"],"env":["POSTGRES_DB=epros","POSTGRES_PASSWORD=epros_dev_password","POSTGRES_USER=epros"],"exit_code":null,"gpus":null,"group_add":null,"healthcheck":null,"host":[],"hostname":"816e268e18d0","id":"816e268e18d05141ec873e6aa686fd2b2d460e90dd90a4793999e69da787d971","image":"sha256:16bc17c64a573ef34162af9298258d1aec548232985b33ed7b1eac33ba35c229","init":false,"ipc_mode":"private","labels":[],"log_driver":"json-file","log_opts":null,"logs":false,"max_retry_count":0,"memory":0,"memory_swap":0,"mounts":[],"must_run":true,"name":"epros-postgres","network_data":[{"gateway":"172.19.0.1","global_ipv6_address":"","global_ipv6_prefix_length":0,"ip_address":"172.19.0.2","ip_prefix_length":16,"ipv6_gateway":"","mac_address":"8e:0d:fb:79:b6:f1","network_name":"epros-network"}],"network_mode":"bridge","networks_advanced":[{"aliases":[],"ipv4_address":"","ipv6_address":"","name":"epros-network"}],"pid_mode":"","ports":[{"external":5432,"internal":5432,"ip":"0.0.0.0","protocol":"tcp"}],"privileged":false,"publish_all_ports":false,"read_only":false,"remove_volumes":true,"restart":"no","rm":false,"runtime":"runc","security_opts":[],"shm_size":64,"start":true,"stdin_open":false,"stop_signal":"SIGINT","stop_timeout":1,"storage_opts":null,"sysctls":null,"tmpfs":null,"tty":false,"ulimit":[],"upload":[],"user":"","userns_mode":"","volumes":[{"container_path":"/var/lib/postgresql/data","from_container":"","host_path":"","read_only":null,"volume_name":"postgres_data"}],"wait":false,"wait_timeout":60,"working_dir":"/"},"sensitive_attributes":[],"private":"eyJzY2hlbWFfdmVyc2lvbiI6IjIifQ==","dependencies":["docker_network.epros_network","docker_volume.postgres_data"]}]},{"mode":"managed","type":"docker_container","name":"valkey","provider":"provider[\"registry.terraform.io/kreuzwerker/docker\"]","instances":[{"schema_version":2,"attributes":{"attach":false,"bridge":"","capabilities":[],"cgroupns_mode":null,"command":["valkey-server"],"container_logs":null,"container_read_refresh_timeout_milliseconds":15000,"cpu_set":"","cpu_shares":0,"destroy_grace_seconds":null,"devices":[],"dns":null,"dns_opts":null,"dns_search":null,"domainname":"","entrypoint":["docker-entrypoint.sh"],"env":[],"exit_code":null,"gpus":null,"group_add":null,"healthcheck":null,"host":[],"hostname":"b34d86361cea","id":"b34d86361cea5a3dc9ca26661e34d2402a3292b3d73f5153b730f565aecb10e7","image":"sha256:1b1fa1fe42441ae9e9a48bfec1d12509371657d3e8a4384eb883becf2b099592","init":false,"ipc_mode":"private","labels":[],"log_driver":"json-file","log_opts":null,"logs":false,"max_retry_count":0,"memory":0,"memory_swap":0,"mounts":[],"must_run":true,"name":"epros-valkey","network_data":[{"gateway":"172.19.0.1","global_ipv6_address":"","global_ipv6_prefix_length":0,"ip_address":"172.19.0.5","ip_prefix_length":16,"ipv6_gateway":"","mac_address":"b2:0d:55:be:06:8b","network_name":"epros-network"}],"network_mode":"bridge","networks_advanced":[{"aliases":[],"ipv4_address":"","ipv6_address":"","name":"epros-network"}],"pid_mode":"","ports":[{"external":6379,"internal":6379,"ip":"0.0.0.0","protocol":"tcp"}],"privileged":false,"publish_all_ports":false,"read_only":false,"remove_volumes":true,"restart":"no","rm":false,"runtime":"runc","security_opts":[],"shm_size":64,"start":true,"stdin_open":false,"stop_signal":"","stop_timeout":1,"storage_opts":null,"sysctls":null,"tmpfs":null,"tty":false,"ulimit":[],"upload":[],"user":"","userns_mode":"","volumes":[{"container_path":"/data","from_container":"","host_path":"","read_only":null,"volume_name":"valkey_data"}],"wait":false,"wait_timeout":60,"working_dir":"/data"},"sensitive_attributes":[],"private":"eyJzY2hlbWFfdmVyc2lvbiI6IjIifQ==","dependencies":["docker_network.epros_network","docker_volume.valkey_data"]}]},{"mode":"managed","type":"docker_container","name":"vault","provider":"provider[\"registry.terraform.io/kreuzwerker/docker\"]","instances":[{"schema_version":2,"attributes":{"attach":false,"bridge":"","capabilities":[{"add":["IPC_LOCK"],"drop":[]}],"cgroupns_mode":null,"command":["server","-dev"],"container_logs":null,"container_read_refresh_timeout_milliseconds":15000,"cpu_set":"","cpu_shares":0,"destroy_grace_seconds":null,"devices":[],"dns":null,"dns_opts":null,"dns_search":null,"domainname":"","entrypoint":["docker-entrypoint.sh"],"env":["VAULT_DEV_LISTEN_ADDRESS=0.0.0.0:8200","VAULT_DEV_ROOT_TOKEN_ID=epros-dev-token"],"exit_code":null,"gpus":null,"group_add":null,"healthcheck":null,"host":[],"hostname":"5c9da0821173","id":"5c9da0821173c41fb736760c77ec3e958fc5d73cb4206bd759ed4adff99f08a5","image":"sha256:2e1b2d939a8a5362ebb28622aafc9d1e4c78e7ff5e66437e594bae9ddd0a6789","init":false,"ipc_mode":"private","labels":[],"log_driver":"json-file","log_opts":null,"logs":false,"max_retry_count":0,"memory":0,"memory_swap":0,"mounts":[],"must_run":true,"name":"epros-vault","network_data":[{"gateway":"172.19.0.1","global_ipv6_address":"","global_ipv6_prefix_length":0,"ip_address":"172.19.0.4","ip_prefix_length":16,"ipv6_gateway":"","mac_address":"02:80:2a:e9:94:3c","network_name":"epros-network"}],"network_mode":"bridge","networks_advanced":[{"aliases":[],"ipv4_address":"","ipv6_address":"","name":"epros-network"}],"pid_mode":"","ports":[{"external":8200,"internal":8200,"ip":"0.0.0.0","protocol":"tcp"}],"privileged":false,"publish_all_ports":false,"read_only":false,"remove_volumes":true,"restart":"no","rm":false,"runtime":"runc","security_opts":[],"shm_size":64,"start":true,"stdin_open":false,"stop_signal":"","stop_timeout":1,"storage_opts":null,"sysctls":null,"tmpfs":null,"tty":false,"ulimit":[],"upload":[],"user":"","userns_mode":"","volumes":[],"wait":false,"wait_timeout":60,"working_dir":""},"sensitive_attributes":[],"private":"eyJzY2hlbWFfdmVyc2lvbiI6IjIifQ==","dependencies":["docker_network.epros_network"]}]},{"mode":"managed","type":"docker_network","name":"epros_network","provider":"provider[\"registry.terraform.io/kreuzwerker/docker\"]","instances":[{"schema_version":1,"attributes":{"attachable":false,"check_duplicate":null,"driver":"bridge","id":"04c4bd01b41486f67cad114591e5615c592c313481ad14ce2c3eace7cdd68576","ingress":false,"internal":false,"ipam_config":[{"aux_address":{},"gateway":"172.19.0.1","ip_range":"","subnet":"172.19.0.0/16"}],"ipam_driver":"default","ipam_options":{},"ipv6":false,"labels":[],"name":"epros-network","options":{"com.docker.network.enable_ipv4":"true"},"scope":"local"},"sensitive_attributes":[],"private":"eyJzY2hlbWFfdmVyc2lvbiI6IjEifQ=="}]},{"mode":"managed","type":"docker_volume","name":"minio_data","provider":"provider[\"registry.terraform.io/kreuzwerker/docker\"]","instances":[{"schema_version":1,"attributes":{"driver":"local","driver_opts":{},"id":"minio_data","labels":[],"mountpoint":"/var/lib/docker/volumes/minio_data/_data","name":"minio_data"},"sensitive_attributes":[],"private":"eyJzY2hlbWFfdmVyc2lvbiI6IjEifQ=="}]},{"mode":"managed","type":"docker_volume","name":"postgres_data","provider":"provider[\"registry.terraform.io/kreuzwerker/docker\"]","instances":[{"schema_version":1,"attributes":{"driver":"local","driver_opts":{},"id":"postgres_data","labels":[],"mountpoint":"/var/lib/docker/volumes/postgres_data/_data","name":"postgres_data"},"sensitive_attributes":[],"private":"eyJzY2hlbWFfdmVyc2lvbiI6IjEifQ=="}]},{"mode":"managed","type":"docker_volume","name":"valkey_data","provider":"provider[\"registry.terraform.io/kreuzwerker/docker\"]","instances":[{"schema_version":1,"attributes":{"driver":"local","driver_opts":{},"id":"valkey_data","labels":[],"mountpoint":"/var/lib/docker/volumes/valkey_data/_data","name":"valkey_data"},"sensitive_attributes":[],"private":"eyJzY2hlbWFfdmVyc2lvbiI6IjEifQ=="}]}],"check_results":null}
